
Microsoft Visual Studio Solution File, Format Version 11.00
# Visual Studio 2010
Project("{FAE04EC0-301F-11D3-BF4B-00C04F79EFBC}") = "MD.CloudConnect", "MD.CloudConnect\MD.CloudConnect.csproj", "{A3FE3D46-A1CB-4EEE-8C25-B7A4B5BFF1F6}"
EndProject
Project("{FAE04EC0-301F-11D3-BF4B-00C04F79EFBC}") = "MD.CloudConnect.Example", "MD.CloudConnect.Example\MD.CloudConnect.Example.csproj", "{F473D916-2536-465D-B4BE-44397DD24159}"
EndProject
Global
	GlobalSection(SolutionConfigurationPlatforms) = preSolution
		Debug|Any CPU = Debug|Any CPU
		Release|Any CPU = Release|Any CPU
	EndGlobalSection
	GlobalSection(ProjectConfigurationPlatforms) = postSolution
		{A3FE3D46-A1CB-4EEE-8C25-B7A4B5BFF1F6}.Debug|Any CPU.ActiveCfg = Debug|Any CPU
		{A3FE3D46-A1CB-4EEE-8C25-B7A4B5BFF1F6}.Debug|Any CPU.Build.0 = Debug|Any CPU
		{A3FE3D46-A1CB-4EEE-8C25-B7A4B5BFF1F6}.Release|Any CPU.ActiveCfg = Release|Any CPU
		{A3FE3D46-A1CB-4EEE-8C25-B7A4B5BFF1F6}.Release|Any CPU.Build.0 = Release|Any CPU
		{F473D916-2536-465D-B4BE-44397DD24159}.Debug|Any CPU.ActiveCfg = Debug|Any CPU
		{F473D916-2536-465D-B4BE-44397DD24159}.Debug|Any CPU.Build.0 = Debug|Any CPU
		{F473D916-2536-465D-B4BE-44397DD24159}.Release|Any CPU.ActiveCfg = Release|Any CPU
		{F473D916-2536-465D-B4BE-44397DD24159}.Release|Any CPU.Build.0 = Release|Any CPU
	EndGlobalSection
	GlobalSection(MonoDevelopProperties) = preSolution
		StartupItem = MD.CloudConnect.Example\MD.CloudConnect.Example.csproj
	EndGlobalSection
	GlobalSection(SolutionProperties) = preSolution
		HideSolutionNode = FALSE
	EndGlobalSection
EndGlobal
